// !$*UTF8*$!
{
	archiveVersion = 1;
	classes = {
	};
	objectVersion = 77;
	objects = {

/* Begin PBXBuildFile section */
		83119C192FF95140000FEF60 /* .gitignore in Resources */ = {isa = PBXBuildFile; fileRef = 83119C182FF95140000FEF60 /* .gitignore */; };
		83360ED23025123900002BEC /* WidgetKit.framework in Frameworks */ = {isa = PBXBuildFile; fileRef = 83360ED13025123800002BEC /* WidgetKit.framework */; };
		83360ED43025123900002BEC /* SwiftUI.framework in Frameworks */ = {isa = PBXBuildFile; fileRef = 83360ED33025123900002BEC /* SwiftUI.framework */; };
		83360EE13025123A00002BEC /* HabitTrackerWidgetExtension.appex in Embed Foundation Extensions */ = {isa = PBXBuildFile; fileRef = 83360ECF3025123800002BEC /* HabitTrackerWidgetExtension.appex */; settings = {ATTRIBUTES = (RemoveHeadersOnCopy, ); }; };
/* End PBXBuildFile section */

/* Begin PBXContainerItemProxy section */
		83360EDF3025123A00002BEC /* PBXContainerItemProxy */ = {
			isa = PBXContainerItemProxy;
			containerPortal = 83119BFE2FF94E48000FEF60 /* Project object */;
			proxyType = 1;
			remoteGlobalIDString = 83360ECE3025123800002BEC;
			remoteInfo = HabitTrackerWidgetExtension;
		};
		8373E1DE301744D500EC5D90 /* PBXContainerItemProxy */ = {
			isa = PBXContainerItemProxy;
			containerPortal = 83119BFE2FF94E48000FEF60 /* Project object */;
			proxyType = 1;
			remoteGlobalIDString = 83119C052FF94E48000FEF60;
			remoteInfo = HabitTracker;
		};
/* End PBXContainerItemProxy section */

/* Begin PBXCopyFilesBuildPhase section */
		83360EE23025123A00002BEC /* Embed Foundation Extensions */ = {
			isa = PBXCopyFilesBuildPhase;
			buildActionMask = 2147483647;
			dstPath = "";
			dstSubfolderSpec = 13;
			files = (
				83360EE13025123A00002BEC /* HabitTrackerWidgetExtension.appex in Embed Foundation Extensions */,
			);
			name = "Embed Foundation Extensions";
			runOnlyForDeploymentPostprocessing = 0;
		};
/* End PBXCopyFilesBuildPhase section */

/* Begin PBXFileReference section */
		83119C062FF94E48000FEF60 /* HabitTracker.app */ = {isa = PBXFileReference; explicitFileType = wrapper.application; includeInIndex = 0; path = HabitTracker.app; sourceTree = BUILT_PRODUCTS_DIR; };
		83119C182FF95140000FEF60 /* .gitignore */ = {isa = PBXFileReference; lastKnownFileType = text; path = .gitignore; sourceTree = "<group>"; };
		83360ECF3025123800002BEC /* HabitTrackerWidgetExtension.appex */ = {isa = PBXFileReference; explicitFileType = "wrapper.app-extension"; includeInIndex = 0; path = HabitTrackerWidgetExtension.appex; sourceTree = BUILT_PRODUCTS_DIR; };
		83360ED13025123800002BEC /* WidgetKit.framework */ = {isa = PBXFileReference; lastKnownFileType = wrapper.framework; name = WidgetKit.framework; path = System/Library/Frameworks/WidgetKit.framework; sourceTree = SDKROOT; };
		83360ED33025123900002BEC /* SwiftUI.framework */ = {isa = PBXFileReference; lastKnownFileType = wrapper.framework; name = SwiftUI.framework; path = System/Library/Frameworks/SwiftUI.framework; sourceTree = SDKROOT; };
		83360EE8302512D100002BEC /* HabitTrackerWidgetExtension.entitlements */ = {isa = PBXFileReference; lastKnownFileType = text.plist.entitlements; path = HabitTrackerWidgetExtension.entitlements; sourceTree = "<group>"; };
		8373E1DA301744D500EC5D90 /* HabitTrackerTests.xctest */ = {isa = PBXFileReference; explicitFileType = wrapper.cfbundle; includeInIndex = 0; path = HabitTrackerTests.xctest; sourceTree = BUILT_PRODUCTS_DIR; };
/* End PBXFileReference section */

/* Begin PBXFileSystemSynchronizedBuildFileExceptionSet section */
		83360EE53025123A00002BEC /* Exceptions for "HabitTrackerWidget" folder in "HabitTrackerWidgetExtension" target */ = {
			isa = PBXFileSystemSynchronizedBuildFileExceptionSet;
			membershipExceptions = (
				Info.plist,
			);
			target = 83360ECE3025123800002BEC /* HabitTrackerWidgetExtension */;
		};
		83361AB830261CF500002BEC /* Exceptions for "HabitTracker" folder in "HabitTrackerWidgetExtension" target */ = {
			isa = PBXFileSystemSynchronizedBuildFileExceptionSet;
			membershipExceptions = (
				Models/Habit.swift,
				Models/HabitEntry.swift,
				Models/HabitFrequency.swift,
				Models/SharedModelContainer.swift,
				"Models/Symbol+ColorEnum.swift",
			);
			target = 83360ECE3025123800002BEC /* HabitTrackerWidgetExtension */;
		};
/* End PBXFileSystemSynchronizedBuildFileExceptionSet section */

/* Begin PBXFileSystemSynchronizedRootGroup section */
		83119C082FF94E48000FEF60 /* HabitTracker */ = {
			isa = PBXFileSystemSynchronizedRootGroup;
			exceptions = (
				83361AB830261CF500002BEC /* Exceptions for "HabitTracker" folder in "HabitTrackerWidgetExtension" target */,
			);
			path = HabitTracker;
			sourceTree = "<group>";
		};
		83360ED53025123900002BEC /* HabitTrackerWidget */ = {
			isa = PBXFileSystemSynchronizedRootGroup;
			exceptions = (
				83360EE53025123A00002BEC /* Exceptions for "HabitTrackerWidget" folder in "HabitTrackerWidgetExtension" target */,
			);
			path = HabitTrackerWidget;
			sourceTree = "<group>";
		};
		8373E1DB301744D500EC5D90 /* HabitTrackerTests */ = {
			isa = PBXFileSystemSynchronizedRootGroup;
			path = HabitTrackerTests;
			sourceTree = "<group>";
		};
/* End PBXFileSystemSynchronizedRootGroup section */

/* Begin PBXFrameworksBuildPhase section */
		83119C032FF94E48000FEF60 /* Frameworks */ = {
			isa = PBXFrameworksBuildPhase;
			buildActionMask = 2147483647;
			files = (
			);
			runOnlyForDeploymentPostprocessing = 0;
		};
		83360ECC3025123800002BEC /* Frameworks */ = {
			isa = PBXFrameworksBuildPhase;
			buildActionMask = 2147483647;
			files = (
				83360ED43025123900002BEC /* SwiftUI.framework in Frameworks */,
				83360ED23025123900002BEC /* WidgetKit.framework in Frameworks */,
			);
			runOnlyForDeploymentPostprocessing = 0;
		};
		8373E1D7301744D500EC5D90 /* Frameworks */ = {
			isa = PBXFrameworksBuildPhase;
			buildActionMask = 2147483647;
			files = (
			);
			runOnlyForDeploymentPostprocessing = 0;
		};
/* End PBXFrameworksBuildPhase section */

/* Begin PBXGroup section */
		83119BFD2FF94E48000FEF60 = {
			isa = PBXGroup;
			children = (
				83360EE8302512D100002BEC /* HabitTrackerWidgetExtension.entitlements */,
				83119C182FF95140000FEF60 /* .gitignore */,
				83119C082FF94E48000FEF60 /* HabitTracker */,
				8373E1DB301744D500EC5D90 /* HabitTrackerTests */,
				83360ED53025123900002BEC /* HabitTrackerWidget */,
				83360ED03025123800002BEC /* Frameworks */,
				83119C072FF94E48000FEF60 /* Products */,
			);
			sourceTree = "<group>";
		};
		83119C072FF94E48000FEF60 /* Products */ = {
			isa = PBXGroup;
			children = (
				83119C062FF94E48000FEF60 /* HabitTracker.app */,
				8373E1DA301744D500EC5D90 /* HabitTrackerTests.xctest */,
				83360ECF3025123800002BEC /* HabitTrackerWidgetExtension.appex */,
			);
			name = Products;
			sourceTree = "<group>";
		};
		83360ED03025123800002BEC /* Frameworks */ = {
			isa = PBXGroup;
			children = (
				83360ED13025123800002BEC /* WidgetKit.framework */,
				83360ED33025123900002BEC /* SwiftUI.framework */,
			);
			name = Frameworks;
			sourceTree = "<group>";
		};
/* End PBXGroup section */

/* Begin PBXNativeTarget section */
		83119C052FF94E48000FEF60 /* HabitTracker */ = {
			isa = PBXNativeTarget;
			buildConfigurationList = 83119C132FF94E49000FEF60 /* Build configuration list for PBXNativeTarget "HabitTracker" */;
			buildPhases = (
				83119C022FF94E48000FEF60 /* Sources */,
				83119C032FF94E48000FEF60 /* Frameworks */,
				83119C042FF94E48000FEF60 /* Resources */,
				83360EE23025123A00002BEC /* Embed Foundation Extensions */,
			);
			buildRules = (
			);
			dependencies = (
				83360EE03025123A00002BEC /* PBXTargetDependency */,
			);
			fileSystemSynchronizedGroups = (
				83119C082FF94E48000FEF60 /* HabitTracker */,
			);
			name = HabitTracker;
			packageProductDependencies = (
			);
			productName = HabitTracker;
			productReference = 83119C062FF94E48000FEF60 /* HabitTracker.app */;
			productType = "com.apple.product-type.application";
		};
		83360ECE3025123800002BEC /* HabitTrackerWidgetExtension */ = {
			isa = PBXNativeTarget;
			buildConfigurationList = 83360EE63025123A00002BEC /* Build configuration list for PBXNativeTarget "HabitTrackerWidgetExtension" */;
			buildPhases = (
				83360ECB3025123800002BEC /* Sources */,
				83360ECC3025123800002BEC /* Frameworks */,
				83360ECD3025123800002BEC /* Resources */,
			);
			buildRules = (
			);
			dependencies = (
			);
			fileSystemSynchronizedGroups = (
				83360ED53025123900002BEC /* HabitTrackerWidget */,
			);
			name = HabitTrackerWidgetExtension;
			packageProductDependencies = (
			);
			productName = HabitTrackerWidgetExtension;
			productReference = 83360ECF3025123800002BEC /* HabitTrackerWidgetExtension.appex */;
			productType = "com.apple.product-type.app-extension";
		};
		8373E1D9301744D500EC5D90 /* HabitTrackerTests */ = {
			isa = PBXNativeTarget;
			buildConfigurationList = 8373E1E0301744D500EC5D90 /* Build configuration list for PBXNativeTarget "HabitTrackerTests" */;
			buildPhases = (
				8373E1D6301744D500EC5D90 /* Sources */,
				8373E1D7301744D500EC5D90 /* Frameworks */,
				8373E1D8301744D500EC5D90 /* Resources */,
			);
			buildRules = (
			);
			dependencies = (
				8373E1DF301744D500EC5D90 /* PBXTargetDependency */,
			);
			fileSystemSynchronizedGroups = (
				8373E1DB301744D500EC5D90 /* HabitTrackerTests */,
			);
			name = HabitTrackerTests;
			packageProductDependencies = (
			);
			productName = HabitTrackerTests;
			productReference = 8373E1DA301744D500EC5D90 /* HabitTrackerTests.xctest */;
			productType = "com.apple.product-type.bundle.unit-test";
		};
/* End PBXNativeTarget section */

/* Begin PBXProject section */
		83119BFE2FF94E48000FEF60 /* Project object */ = {
			isa = PBXProject;
			attributes = {
				BuildIndependentTargetsInParallel = 1;
				LastSwiftUpdateCheck = 2660;
				LastUpgradeCheck = 2660;
				TargetAttributes = {
					83119C052FF94E48000FEF60 = {
						CreatedOnToolsVersion = 26.6;
					};
					83360ECE3025123800002BEC = {
						CreatedOnToolsVersion = 26.6;
					};
					8373E1D9301744D500EC5D90 = {
						CreatedOnToolsVersion = 26.6;
						TestTargetID = 83119C052FF94E48000FEF60;
					};
				};
			};
			buildConfigurationList = 83119C012FF94E48000FEF60 /* Build configuration list for PBXProject "HabitTracker" */;
			developmentRegion = en;
			hasScannedForEncodings = 0;
			knownRegions = (
				en,
				Base,
				uk,
			);
			mainGroup = 83119BFD2FF94E48000FEF60;
			minimizedProjectReferenceProxies = 1;
			preferredProjectObjectVersion = 77;
			productRefGroup = 83119C072FF94E48000FEF60 /* Products */;
			projectDirPath = "";
			projectRoot = "";
			targets = (
				83119C052FF94E48000FEF60 /* HabitTracker */,
				8373E1D9301744D500EC5D90 /* HabitTrackerTests */,
				83360ECE3025123800002BEC /* HabitTrackerWidgetExtension */,
			);
		};
/* End PBXProject section */

/* Begin PBXResourcesBuildPhase section */
		83119C042FF94E48000FEF60 /* Resources */ = {
			isa = PBXResourcesBuildPhase;
			buildActionMask = 2147483647;
			files = (
				83119C192FF95140000FEF60 /* .gitignore in Resources */,
			);
			runOnlyForDeploymentPostprocessing = 0;
		};
		83360ECD3025123800002BEC /* Resources */ = {
			isa = PBXResourcesBuildPhase;
			buildActionMask = 2147483647;
			files = (
			);
			runOnlyForDeploymentPostprocessing = 0;
		};
		8373E1D8301744D500EC5D90 /* Resources */ = {
			isa = PBXResourcesBuildPhase;
			buildActionMask = 2147483647;
			files = (
			);
			runOnlyForDeploymentPostprocessing = 0;
		};
/* End PBXResourcesBuildPhase section */

/* Begin PBXSourcesBuildPhase section */
		83119C022FF94E48000FEF60 /* Sources */ = {
			isa = PBXSourcesBuildPhase;
			buildActionMask = 2147483647;
			files = (
			);
			runOnlyForDeploymentPostprocessing = 0;
		};
		83360ECB3025123800002BEC /* Sources */ = {
			isa = PBXSourcesBuildPhase;
			buildActionMask = 2147483647;
			files = (
			);
			runOnlyForDeploymentPostprocessing = 0;
		};
		8373E1D6301744D500EC5D90 /* Sources */ = {
			isa = PBXSourcesBuildPhase;
			buildActionMask = 2147483647;
			files = (
			);
			runOnlyForDeploymentPostprocessing = 0;
		};
/* End PBXSourcesBuildPhase section */

/* Begin PBXTargetDependency section */
		83360EE03025123A00002BEC /* PBXTargetDependency */ = {
			isa = PBXTargetDependency;
			target = 83360ECE3025123800002BEC /* HabitTrackerWidgetExtension */;
			targetProxy = 83360EDF3025123A00002BEC /* PBXContainerItemProxy */;
		};
		8373E1DF301744D500EC5D90 /* PBXTargetDependency */ = {
			isa = PBXTargetDependency;
			target = 83119C052FF94E48000FEF60 /* HabitTracker */;
			targetProxy = 8373E1DE301744D500EC5D90 /* PBXContainerItemProxy */;
		};
/* End PBXTargetDependency section */

/* Begin XCBuildConfiguration section */
		83119C112FF94E49000FEF60 /* Debug */ = {
			isa = XCBuildConfiguration;
			buildSettings = {
				ALWAYS_SEARCH_USER_PATHS = NO;
				ASSETCATALOG_COMPILER_GENERATE_SWIFT_ASSET_SYMBOL_EXTENSIONS = YES;
				CLANG_ANALYZER_NONNULL = YES;
				CLANG_ANALYZER_NUMBER_OBJECT_CONVERSION = YES_AGGRESSIVE;
				CLANG_CXX_LANGUAGE_STANDARD = "gnu++20";
				CLANG_ENABLE_MODULES = YES;
				CLANG_ENABLE_OBJC_ARC = YES;
				CLANG_ENABLE_OBJC_WEAK = YES;
				CLANG_WARN_BLOCK_CAPTURE_AUTORELEASING = YES;
				CLANG_WARN_BOOL_CONVERSION = YES;
				CLANG_WARN_COMMA = YES;
				CLANG_WARN_CONSTANT_CONVERSION = YES;
				CLANG_WARN_DEPRECATED_OBJC_IMPLEMENTATIONS = YES;
				CLANG_WARN_DIRECT_OBJC_ISA_USAGE = YES_ERROR;
				CLANG_WARN_DOCUMENTATION_COMMENTS = YES;
				CLANG_WARN_EMPTY_BODY = YES;
				CLANG_WARN_ENUM_CONVERSION = YES;
				CLANG_WARN_INFINITE_RECURSION = YES;
				CLANG_WARN_INT_CONVERSION = YES;
				CLANG_WARN_NON_LITERAL_NULL_CONVERSION = YES;
				CLANG_WARN_OBJC_IMPLICIT_RETAIN_SELF = YES;
				CLANG_WARN_OBJC_LITERAL_CONVERSION = YES;
				CLANG_WARN_OBJC_ROOT_CLASS = YES_ERROR;
				CLANG_WARN_QUOTED_INCLUDE_IN_FRAMEWORK_HEADER = YES;
				CLANG_WARN_RANGE_LOOP_ANALYSIS = YES;
				CLANG_WARN_STRICT_PROTOTYPES = YES;
				CLANG_WARN_SUSPICIOUS_MOVE = YES;
				CLANG_WARN_UNGUARDED_AVAILABILITY = YES_AGGRESSIVE;
				CLANG_WARN_UNREACHABLE_CODE = YES;
				CLANG_WARN__DUPLICATE_METHOD_MATCH = YES;
				COPY_PHASE_STRIP = NO;
				DEBUG_INFORMATION_FORMAT = dwarf;
				ENABLE_STRICT_OBJC_MSGSEND = YES;
				ENABLE_TESTABILITY = YES;
				ENABLE_USER_SCRIPT_SANDBOXING = YES;
				GCC_C_LANGUAGE_STANDARD = gnu17;
				GCC_DYNAMIC_NO_PIC = NO;
				GCC_NO_COMMON_BLOCKS = YES;
				GCC_OPTIMIZATION_LEVEL = 0;
				GCC_PREPROCESSOR_DEFINITIONS = (
					"DEBUG=1",
					"$(inherited)",
				);
				GCC_WARN_64_TO_32_BIT_CONVERSION = YES;
				GCC_WARN_ABOUT_RETURN_TYPE = YES_ERROR;
				GCC_WARN_UNDECLARED_SELECTOR = YES;
				GCC_WARN_UNINITIALIZED_AUTOS = YES_AGGRESSIVE;
				GCC_WARN_UNUSED_FUNCTION = YES;
				GCC_WARN_UNUSED_VARIABLE = YES;
				IPHONEOS_DEPLOYMENT_TARGET = 18.6;
				LOCALIZATION_PREFERS_STRING_CATALOGS = YES;
				MTL_ENABLE_DEBUG_INFO = INCLUDE_SOURCE;
				MTL_FAST_MATH = YES;
				ONLY_ACTIVE_ARCH = YES;
				SDKROOT = iphoneos;
				SWIFT_ACTIVE_COMPILATION_CONDITIONS = "DEBUG $(inherited)";
				SWIFT_EMIT_LOC_STRINGS = YES;
				SWIFT_OPTIMIZATION_LEVEL = "-Onone";
			};
			name = Debug;
		};
		83119C122FF94E49000FEF60 /* Release */ = {
			isa = XCBuildConfiguration;
			buildSettings = {
				ALWAYS_SEARCH_USER_PATHS = NO;
				ASSETCATALOG_COMPILER_GENERATE_SWIFT_ASSET_SYMBOL_EXTENSIONS = YES;
				CLANG_ANALYZER_NONNULL = YES;
				CLANG_ANALYZER_NUMBER_OBJECT_CONVERSION = YES_AGGRESSIVE;
				CLANG_CXX_LANGUAGE_STANDARD = "gnu++20";
				CLANG_ENABLE_MODULES = YES;
				CLANG_ENABLE_OBJC_ARC = YES;
				CLANG_ENABLE_OBJC_WEAK = YES;
				CLANG_WARN_BLOCK_CAPTURE_AUTORELEASING = YES;
				CLANG_WARN_BOOL_CONVERSION = YES;
				CLANG_WARN_COMMA = YES;
				CLANG_WARN_CONSTANT_CONVERSION = YES;
				CLANG_WARN_DEPRECATED_OBJC_IMPLEMENTATIONS = YES;
				CLANG_WARN_DIRECT_OBJC_ISA_USAGE = YES_ERROR;
				CLANG_WARN_DOCUMENTATION_COMMENTS = YES;
				CLANG_WARN_EMPTY_BODY = YES;
				CLANG_WARN_ENUM_CONVERSION = YES;
				CLANG_WARN_INFINITE_RECURSION = YES;
				CLANG_WARN_INT_CONVERSION = YES;
				CLANG_WARN_NON_LITERAL_NULL_CONVERSION = YES;
				CLANG_WARN_OBJC_IMPLICIT_RETAIN_SELF = YES;
				CLANG_WARN_OBJC_LITERAL_CONVERSION = YES;
				CLANG_WARN_OBJC_ROOT_CLASS = YES_ERROR;
				CLANG_WARN_QUOTED_INCLUDE_IN_FRAMEWORK_HEADER = YES;
				CLANG_WARN_RANGE_LOOP_ANALYSIS = YES;
				CLANG_WARN_STRICT_PROTOTYPES = YES;
				CLANG_WARN_SUSPICIOUS_MOVE = YES;
				CLANG_WARN_UNGUARDED_AVAILABILITY = YES_AGGRESSIVE;
				CLANG_WARN_UNREACHABLE_CODE = YES;
				CLANG_WARN__DUPLICATE_METHOD_MATCH = YES;
				COPY_PHASE_STRIP = NO;
				DEBUG_INFORMATION_FORMAT = "dwarf-with-dsym";
				ENABLE_NS_ASSERTIONS = NO;
				ENABLE_STRICT_OBJC_MSGSEND = YES;
				ENABLE_USER_SCRIPT_SANDBOXING = YES;
				GCC_C_LANGUAGE_STANDARD = gnu17;
				GCC_NO_COMMON_BLOCKS = YES;
				GCC_WARN_64_TO_32_BIT_CONVERSION = YES;
				GCC_WARN_ABOUT_RETURN_TYPE = YES_ERROR;
				GCC_WARN_UNDECLARED_SELECTOR = YES;
				GCC_WARN_UNINITIALIZED_AUTOS = YES_AGGRESSIVE;
				GCC_WARN_UNUSED_FUNCTION = YES;
				GCC_WARN_UNUSED_VARIABLE = YES;
				IPHONEOS_DEPLOYMENT_TARGET = 18.6;
				LOCALIZATION_PREFERS_STRING_CATALOGS = YES;
				MTL_ENABLE_DEBUG_INFO = NO;
				MTL_FAST_MATH = YES;
				SDKROOT = iphoneos;
				SWIFT_COMPILATION_MODE = wholemodule;
				SWIFT_EMIT_LOC_STRINGS = YES;
				VALIDATE_PRODUCT = YES;
			};
			name = Release;
		};
		83119C142FF94E49000FEF60 /* Debug */ = {
			isa = XCBuildConfiguration;
			buildSettings = {
				ASSETCATALOG_COMPILER_APPICON_NAME = AppIcon;
				ASSETCATALOG_COMPILER_GLOBAL_ACCENT_COLOR_NAME = AccentColor;
				CODE_SIGN_ENTITLEMENTS = HabitTracker/HabitTracker.entitlements;
				CODE_SIGN_STYLE = Automatic;
				CURRENT_PROJECT_VERSION = 1;
				DEVELOPMENT_TEAM = 9PHZ5ZHFC2;
				ENABLE_PREVIEWS = YES;
				GENERATE_INFOPLIST_FILE = YES;
				INFOPLIST_KEY_UIApplicationSceneManifest_Generation = YES;
				INFOPLIST_KEY_UIApplicationSupportsIndirectInputEvents = YES;
				INFOPLIST_KEY_UILaunchScreen_Generation = YES;
				INFOPLIST_KEY_UIStatusBarStyle = "";
				INFOPLIST_KEY_UISupportedInterfaceOrientations = UIInterfaceOrientationPortrait;
				IPHONEOS_DEPLOYMENT_TARGET = 18.6;
				LD_RUNPATH_SEARCH_PATHS = (
					"$(inherited)",
					"@executable_path/Frameworks",
				);
				MARKETING_VERSION = 1.0;
				PRODUCT_BUNDLE_IDENTIFIER = mm.HabitTracker;
				PRODUCT_NAME = "$(TARGET_NAME)";
				STRING_CATALOG_GENERATE_SYMBOLS = YES;
				SWIFT_APPROACHABLE_CONCURRENCY = YES;
				SWIFT_DEFAULT_ACTOR_ISOLATION = MainActor;
				SWIFT_EMIT_LOC_STRINGS = YES;
				SWIFT_UPCOMING_FEATURE_MEMBER_IMPORT_VISIBILITY = YES;
				SWIFT_VERSION = 5.0;
				TARGETED_DEVICE_FAMILY = "1,2";
			};
			name = Debug;
		};
		83119C152FF94E49000FEF60 /* Release */ = {
			isa = XCBuildConfiguration;
			buildSettings = {
				ASSETCATALOG_COMPILER_APPICON_NAME = AppIcon;
				ASSETCATALOG_COMPILER_GLOBAL_ACCENT_COLOR_NAME = AccentColor;
				CODE_SIGN_ENTITLEMENTS = HabitTracker/HabitTracker.entitlements;
				CODE_SIGN_STYLE = Automatic;
				CURRENT_PROJECT_VERSION = 1;
				DEVELOPMENT_TEAM = 9PHZ5ZHFC2;
				ENABLE_PREVIEWS = YES;
				GENERATE_INFOPLIST_FILE = YES;
				INFOPLIST_KEY_UIApplicationSceneManifest_Generation = YES;
				INFOPLIST_KEY_UIApplicationSupportsIndirectInputEvents = YES;
				INFOPLIST_KEY_UILaunchScreen_Generation = YES;
				INFOPLIST_KEY_UIStatusBarStyle = "";
				INFOPLIST_KEY_UISupportedInterfaceOrientations = UIInterfaceOrientationPortrait;
				IPHONEOS_DEPLOYMENT_TARGET = 18.6;
				LD_RUNPATH_SEARCH_PATHS = (
					"$(inherited)",
					"@executable_path/Frameworks",
				);
				MARKETING_VERSION = 1.0;
				PRODUCT_BUNDLE_IDENTIFIER = mm.HabitTracker;
				PRODUCT_NAME = "$(TARGET_NAME)";
				STRING_CATALOG_GENERATE_SYMBOLS = YES;
				SWIFT_APPROACHABLE_CONCURRENCY = YES;
				SWIFT_DEFAULT_ACTOR_ISOLATION = MainActor;
				SWIFT_EMIT_LOC_STRINGS = YES;
				SWIFT_UPCOMING_FEATURE_MEMBER_IMPORT_VISIBILITY = YES;
				SWIFT_VERSION = 5.0;
				TARGETED_DEVICE_FAMILY = "1,2";
			};
			name = Release;
		};
		83360EE33025123A00002BEC /* Debug */ = {
			isa = XCBuildConfiguration;
			buildSettings = {
				ASSETCATALOG_COMPILER_GLOBAL_ACCENT_COLOR_NAME = AccentColor;
				ASSETCATALOG_COMPILER_WIDGET_BACKGROUND_COLOR_NAME = WidgetBackground;
				CODE_SIGN_ENTITLEMENTS = HabitTrackerWidgetExtension.entitlements;
				CODE_SIGN_STYLE = Automatic;
				CURRENT_PROJECT_VERSION = 1;
				DEVELOPMENT_TEAM = 9PHZ5ZHFC2;
				GENERATE_INFOPLIST_FILE = YES;
				INFOPLIST_FILE = HabitTrackerWidget/Info.plist;
				INFOPLIST_KEY_CFBundleDisplayName = HabitTrackerWidget;
				INFOPLIST_KEY_NSHumanReadableCopyright = "";
				IPHONEOS_DEPLOYMENT_TARGET = 26.5;
				LD_RUNPATH_SEARCH_PATHS = (
					"$(inherited)",
					"@executable_path/Frameworks",
					"@executable_path/../../Frameworks",
				);
				MARKETING_VERSION = 1.0;
				PRODUCT_BUNDLE_IDENTIFIER = mm.HabitTracker.HabitTrackerWidget;
				PRODUCT_NAME = "$(TARGET_NAME)";
				SKIP_INSTALL = YES;
				STRING_CATALOG_GENERATE_SYMBOLS = YES;
				SWIFT_APPROACHABLE_CONCURRENCY = YES;
				SWIFT_EMIT_LOC_STRINGS = YES;
				SWIFT_UPCOMING_FEATURE_MEMBER_IMPORT_VISIBILITY = YES;
				SWIFT_VERSION = 5.0;
				TARGETED_DEVICE_FAMILY = "1,2";
			};
			name = Debug;
		};
		83360EE43025123A00002BEC /* Release */ = {
			isa = XCBuildConfiguration;
			buildSettings = {
				ASSETCATALOG_COMPILER_GLOBAL_ACCENT_COLOR_NAME = AccentColor;
				ASSETCATALOG_COMPILER_WIDGET_BACKGROUND_COLOR_NAME = WidgetBackground;
				CODE_SIGN_ENTITLEMENTS = HabitTrackerWidgetExtension.entitlements;
				CODE_SIGN_STYLE = Automatic;
				CURRENT_PROJECT_VERSION = 1;
				DEVELOPMENT_TEAM = 9PHZ5ZHFC2;
				GENERATE_INFOPLIST_FILE = YES;
				INFOPLIST_FILE = HabitTrackerWidget/Info.plist;
				INFOPLIST_KEY_CFBundleDisplayName = HabitTrackerWidget;
				INFOPLIST_KEY_NSHumanReadableCopyright = "";
				IPHONEOS_DEPLOYMENT_TARGET = 26.5;
				LD_RUNPATH_SEARCH_PATHS = (
					"$(inherited)",
					"@executable_path/Frameworks",
					"@executable_path/../../Frameworks",
				);
				MARKETING_VERSION = 1.0;
				PRODUCT_BUNDLE_IDENTIFIER = mm.HabitTracker.HabitTrackerWidget;
				PRODUCT_NAME = "$(TARGET_NAME)";
				SKIP_INSTALL = YES;
				STRING_CATALOG_GENERATE_SYMBOLS = YES;
				SWIFT_APPROACHABLE_CONCURRENCY = YES;
				SWIFT_EMIT_LOC_STRINGS = YES;
				SWIFT_UPCOMING_FEATURE_MEMBER_IMPORT_VISIBILITY = YES;
				SWIFT_VERSION = 5.0;
				TARGETED_DEVICE_FAMILY = "1,2";
			};
			name = Release;
		};
		8373E1E1301744D500EC5D90 /* Debug */ = {
			isa = XCBuildConfiguration;
			buildSettings = {
				BUNDLE_LOADER = "$(TEST_HOST)";
				CODE_SIGN_STYLE = Automatic;
				CURRENT_PROJECT_VERSION = 1;
				GENERATE_INFOPLIST_FILE = YES;
				IPHONEOS_DEPLOYMENT_TARGET = 18.6;
				MARKETING_VERSION = 1.0;
				PRODUCT_BUNDLE_IDENTIFIER = mm.HabitTrackerTests;
				PRODUCT_NAME = "$(TARGET_NAME)";
				STRING_CATALOG_GENERATE_SYMBOLS = NO;
				SWIFT_APPROACHABLE_CONCURRENCY = YES;
				SWIFT_EMIT_LOC_STRINGS = NO;
				SWIFT_UPCOMING_FEATURE_MEMBER_IMPORT_VISIBILITY = YES;
				SWIFT_VERSION = 5.0;
				TARGETED_DEVICE_FAMILY = "1,2";
				TEST_HOST = "$(BUILT_PRODUCTS_DIR)/HabitTracker.app/$(BUNDLE_EXECUTABLE_FOLDER_PATH)/HabitTracker";
			};
			name = Debug;
		};
		8373E1E2301744D500EC5D90 /* Release */ = {
			isa = XCBuildConfiguration;
			buildSettings = {
				BUNDLE_LOADER = "$(TEST_HOST)";
				CODE_SIGN_STYLE = Automatic;
				CURRENT_PROJECT_VERSION = 1;
				GENERATE_INFOPLIST_FILE = YES;
				IPHONEOS_DEPLOYMENT_TARGET = 18.6;
				MARKETING_VERSION = 1.0;
				PRODUCT_BUNDLE_IDENTIFIER = mm.HabitTrackerTests;
				PRODUCT_NAME = "$(TARGET_NAME)";
				STRING_CATALOG_GENERATE_SYMBOLS = NO;
				SWIFT_APPROACHABLE_CONCURRENCY = YES;
				SWIFT_EMIT_LOC_STRINGS = NO;
				SWIFT_UPCOMING_FEATURE_MEMBER_IMPORT_VISIBILITY = YES;
				SWIFT_VERSION = 5.0;
				TARGETED_DEVICE_FAMILY = "1,2";
				TEST_HOST = "$(BUILT_PRODUCTS_DIR)/HabitTracker.app/$(BUNDLE_EXECUTABLE_FOLDER_PATH)/HabitTracker";
			};
			name = Release;
		};
/* End XCBuildConfiguration section */

/* Begin XCConfigurationList section */
		83119C012FF94E48000FEF60 /* Build configuration list for PBXProject "HabitTracker" */ = {
			isa = XCConfigurationList;
			buildConfigurations = (
				83119C112FF94E49000FEF60 /* Debug */,
				83119C122FF94E49000FEF60 /* Release */,
			);
			defaultConfigurationIsVisible = 0;
			defaultConfigurationName = Release;
		};
		83119C132FF94E49000FEF60 /* Build configuration list for PBXNativeTarget "HabitTracker" */ = {
			isa = XCConfigurationList;
			buildConfigurations = (
				83119C142FF94E49000FEF60 /* Debug */,
				83119C152FF94E49000FEF60 /* Release */,
			);
			defaultConfigurationIsVisible = 0;
			defaultConfigurationName = Release;
		};
		83360EE63025123A00002BEC /* Build configuration list for PBXNativeTarget "HabitTrackerWidgetExtension" */ = {
			isa = XCConfigurationList;
			buildConfigurations = (
				83360EE33025123A00002BEC /* Debug */,
				83360EE43025123A00002BEC /* Release */,
			);
			defaultConfigurationIsVisible = 0;
			defaultConfigurationName = Release;
		};
		8373E1E0301744D500EC5D90 /* Build configuration list for PBXNativeTarget "HabitTrackerTests" */ = {
			isa = XCConfigurationList;
			buildConfigurations = (
				8373E1E1301744D500EC5D90 /* Debug */,
				8373E1E2301744D500EC5D90 /* Release */,
			);
			defaultConfigurationIsVisible = 0;
			defaultConfigurationName = Release;
		};
/* End XCConfigurationList section */
	};
	rootObject = 83119BFE2FF94E48000FEF60 /* Project object */;
}
